Microsoft Visual Studio Solution File, Format Version 12.00
# Visual Studio 15
VisualStudioVersion = 15.0.26730.8
MinimumVisualStudioVersion = 10.0.40219.1
Project("{FAE04EC0-301F-11D3-BF4B-00C04F79EFBC}") = "BarcodeScanner (csharp version)", "BarcodeScanner\BarcodeScanner (csharp version).csproj", "{0BDD7246-1203-4C44-AC01-604801A1AF57}"
EndProject
Global
	GlobalSection(SolutionConfigurationPlatforms) = preSolution
		Debug|Any CPU = Debug|Any CPU
		Release|Any CPU = Release|Any CPU
	EndGlobalSection
	GlobalSection(ProjectConfigurationPlatforms) = postSolution
		{0BDD7246-1203-4C44-AC01-604801A1AF57}.Debug|Any CPU.ActiveCfg = Debug|Any CPU
		{0BDD7246-1203-4C44-AC01-604801A1AF57}.Debug|Any CPU.Build.0 = Debug|Any CPU
		{0BDD7246-1203-4C44-AC01-604801A1AF57}.Release|Any CPU.ActiveCfg = Release|Any CPU
		{0BDD7246-1203-4C44-AC01-604801A1AF57}.Release|Any CPU.Build.0 = Release|Any CPU
	EndGlobalSection
	GlobalSection(SolutionProperties) = preSolution
		HideSolutionNode = FALSE
	EndGlobalSection
	GlobalSection(ExtensibilityGlobals) = postSolution
		SolutionGuid = {9952B32F-5C01-4C69-9F8E-A71CDE895D77}
	EndGlobalSection
EndGlobal
